
Microsoft Visual Studio Solution File, Format Version 12.00
# Visual Studio Version 17
VisualStudioVersion = 17.2.32602.215
MinimumVisualStudioVersion = 10.0.40219.1
Project("{FAE04EC0-301F-11D3-BF4B-00C04F79EFBC}") = "ShoppingList", "ShoppingList\ShoppingList.csproj", "{EAC42EAF-6871-4976-B44D-304BE6512142}"
EndProject
Global
	GlobalSection(SolutionConfigurationPlatforms) = preSolution
		Debug|Any CPU = Debug|Any CPU
		Release|Any CPU = Release|Any CPU
	EndGlobalSection
	GlobalSection(ProjectConfigurationPlatforms) = postSolution
		{EAC42EAF-6871-4976-B44D-304BE6512142}.Debug|Any CPU.ActiveCfg = Debug|Any CPU
		{EAC42EAF-6871-4976-B44D-304BE6512142}.Debug|Any CPU.Build.0 = Debug|Any CPU
		{EAC42EAF-6871-4976-B44D-304BE6512142}.Release|Any CPU.ActiveCfg = Release|Any CPU
		{EAC42EAF-6871-4976-B44D-304BE6512142}.Release|Any CPU.Build.0 = Release|Any CPU
	EndGlobalSection
	GlobalSection(SolutionProperties) = preSolution
		HideSolutionNode = FALSE
	EndGlobalSection
	GlobalSection(ExtensibilityGlobals) = postSolution
		SolutionGuid = {FA40112A-D59F-4E22-A5FD-23CF60136781}
	EndGlobalSection
EndGlobal
